
Microsoft Visual Studio Solution File, Format Version 12.00
# Visual Studio Version 16
VisualStudioVersion = 16.0.31613.86
MinimumVisualStudioVersion = 10.0.40219.1
Project("{9A19103F-16F7-4668-BE54-9A1E7A4F7556}") = "FlightPlannerD", "..\FlightPlannerD\FlightPlannerD.csproj", "{38CA1CE5-E65C-4303-8F9B-C947D6AA82F4}"
EndProject
Global
	GlobalSection(SolutionConfigurationPlatforms) = preSolution
		Debug|Any CPU = Debug|Any CPU
		Release|Any CPU = Release|Any CPU
	EndGlobalSection
	GlobalSection(ProjectConfigurationPlatforms) = postSolution
		{38CA1CE5-E65C-4303-8F9B-C947D6AA82F4}.Debug|Any CPU.ActiveCfg = Debug|Any CPU
		{38CA1CE5-E65C-4303-8F9B-C947D6AA82F4}.Debug|Any CPU.Build.0 = Debug|Any CPU
		{38CA1CE5-E65C-4303-8F9B-C947D6AA82F4}.Release|Any CPU.ActiveCfg = Release|Any CPU
		{38CA1CE5-E65C-4303-8F9B-C947D6AA82F4}.Release|Any CPU.Build.0 = Release|Any CPU
	EndGlobalSection
	GlobalSection(SolutionProperties) = preSolution
		HideSolutionNode = FALSE
	EndGlobalSection
	GlobalSection(ExtensibilityGlobals) = postSolution
		SolutionGuid = {651D635E-AC2D-4EC3-87C3-E3CFA0C37CD3}
	EndGlobalSection
EndGlobal
